
Microsoft Visual Studio Solution File, Format Version 12.00
# Visual Studio 15
VisualStudioVersion = 15.0.27130.2027
MinimumVisualStudioVersion = 10.0.40219.1
Project("{9A19103F-16F7-4668-BE54-9A1E7A4F7556}") = "WatchTyping.Core", "WatchTyping.Core\WatchTyping.Core.csproj", "{628A6DBC-8FF8-4241-9C2F-757D44B1B800}"
EndProject
Project("{9A19103F-16F7-4668-BE54-9A1E7A4F7556}") = "WatchTyping.Infra", "WatchTyping.Infra\WatchTyping.Infra.csproj", "{8A043D0A-3C41-4B2D-BB55-15FF8DB5A5ED}"
EndProject
Project("{9A19103F-16F7-4668-BE54-9A1E7A4F7556}") = "WatchTyping.Api", "WatchTyping.Api\WatchTyping.Api.csproj", "{F755C8F4-41C7-4EBE-B2C6-A2268B467CEE}"
EndProject
Project("{9A19103F-16F7-4668-BE54-9A1E7A4F7556}") = "WatchTyping.Infra.Test", "WatchTyping.Infra.Test\WatchTyping.Infra.Test.csproj", "{7FF60826-A2DF-4DF5-9DB7-BFA6A5B00E4E}"
EndProject
Project("{2150E333-8FDC-42A3-9474-1A3956D46DE8}") = "Teste", "Teste", "{9797F68B-DB39-47DA-B2FB-5D324B681137}"
EndProject
Global
	GlobalSection(SolutionConfigurationPlatforms) = preSolution
		Debug|Any CPU = Debug|Any CPU
		Release|Any CPU = Release|Any CPU
	EndGlobalSection
	GlobalSection(ProjectConfigurationPlatforms) = postSolution
		{628A6DBC-8FF8-4241-9C2F-757D44B1B800}.Debug|Any CPU.ActiveCfg = Debug|Any CPU
		{628A6DBC-8FF8-4241-9C2F-757D44B1B800}.Debug|Any CPU.Build.0 = Debug|Any CPU
		{628A6DBC-8FF8-4241-9C2F-757D44B1B800}.Release|Any CPU.ActiveCfg = Release|Any CPU
		{628A6DBC-8FF8-4241-9C2F-757D44B1B800}.Release|Any CPU.Build.0 = Release|Any CPU
		{8A043D0A-3C41-4B2D-BB55-15FF8DB5A5ED}.Debug|Any CPU.ActiveCfg = Debug|Any CPU
		{8A043D0A-3C41-4B2D-BB55-15FF8DB5A5ED}.Debug|Any CPU.Build.0 = Debug|Any CPU
		{8A043D0A-3C41-4B2D-BB55-15FF8DB5A5ED}.Release|Any CPU.ActiveCfg = Release|Any CPU
		{8A043D0A-3C41-4B2D-BB55-15FF8DB5A5ED}.Release|Any CPU.Build.0 = Release|Any CPU
		{F755C8F4-41C7-4EBE-B2C6-A2268B467CEE}.Debug|Any CPU.ActiveCfg = Debug|Any CPU
		{F755C8F4-41C7-4EBE-B2C6-A2268B467CEE}.Debug|Any CPU.Build.0 = Debug|Any CPU
		{F755C8F4-41C7-4EBE-B2C6-A2268B467CEE}.Release|Any CPU.ActiveCfg = Release|Any CPU
		{F755C8F4-41C7-4EBE-B2C6-A2268B467CEE}.Release|Any CPU.Build.0 = Release|Any CPU
		{7FF60826-A2DF-4DF5-9DB7-BFA6A5B00E4E}.Debug|Any CPU.ActiveCfg = Debug|Any CPU
		{7FF60826-A2DF-4DF5-9DB7-BFA6A5B00E4E}.Debug|Any CPU.Build.0 = Debug|Any CPU
		{7FF60826-A2DF-4DF5-9DB7-BFA6A5B00E4E}.Release|Any CPU.ActiveCfg = Release|Any CPU
		{7FF60826-A2DF-4DF5-9DB7-BFA6A5B00E4E}.Release|Any CPU.Build.0 = Release|Any CPU
	EndGlobalSection
	GlobalSection(SolutionProperties) = preSolution
		HideSolutionNode = FALSE
	EndGlobalSection
	GlobalSection(NestedProjects) = preSolution
		{7FF60826-A2DF-4DF5-9DB7-BFA6A5B00E4E} = {9797F68B-DB39-47DA-B2FB-5D324B681137}
	EndGlobalSection
	GlobalSection(ExtensibilityGlobals) = postSolution
		SolutionGuid = {32C182B1-09FF-47FC-92F8-E853CD9F70CF}
	EndGlobalSection
EndGlobal
